
Microsoft Visual Studio Solution File, Format Version 12.00
# Visual Studio 15
Project("{FAE04EC0-301F-11D3-BF4B-00C04F79EFBC}") = "CSharpFundamentals", "CSharpFundamentals\CSharpFundamentals.csproj", "{CFA3A5B3-FC37-479C-81EE-B2E7210D0B9A}"
EndProject
Project("{FAE04EC0-301F-11D3-BF4B-00C04F79EFBC}") = "CSharpFundamentalsTests", "CSharpFundamentalsTests\CSharpFundamentalsTests.csproj", "{337D893A-9AA6-4177-9F81-B9041CCD2FBF}"
EndProject
Project("{2150E333-8FDC-42A3-9474-1A3956D46DE8}") = "Solution Items", "Solution Items", "{437EF9B9-1B55-4BD2-91F5-82F4C1A70732}"
	ProjectSection(SolutionItems) = preProject
		README.md = README.md
	EndProjectSection
EndProject
Global
	GlobalSection(SolutionConfigurationPlatforms) = preSolution
		Debug|Any CPU = Debug|Any CPU
		Release|Any CPU = Release|Any CPU
	EndGlobalSection
	GlobalSection(ProjectConfigurationPlatforms) = postSolution
		{CFA3A5B3-FC37-479C-81EE-B2E7210D0B9A}.Debug|Any CPU.ActiveCfg = Debug|Any CPU
		{CFA3A5B3-FC37-479C-81EE-B2E7210D0B9A}.Debug|Any CPU.Build.0 = Debug|Any CPU
		{CFA3A5B3-FC37-479C-81EE-B2E7210D0B9A}.Release|Any CPU.ActiveCfg = Release|Any CPU
		{CFA3A5B3-FC37-479C-81EE-B2E7210D0B9A}.Release|Any CPU.Build.0 = Release|Any CPU
		{337D893A-9AA6-4177-9F81-B9041CCD2FBF}.Debug|Any CPU.ActiveCfg = Debug|Any CPU
		{337D893A-9AA6-4177-9F81-B9041CCD2FBF}.Debug|Any CPU.Build.0 = Debug|Any CPU
		{337D893A-9AA6-4177-9F81-B9041CCD2FBF}.Release|Any CPU.ActiveCfg = Release|Any CPU
		{337D893A-9AA6-4177-9F81-B9041CCD2FBF}.Release|Any CPU.Build.0 = Release|Any CPU
	EndGlobalSection
EndGlobal
